{
  "R": {
    "Version": "4.4.3",
    "Repositories": [
      {
        "Name": "CRAN",
        "URL": "https://packagemanager.posit.co/cran/latest"
      }
    ]
  },
  "Packages": {
    "BH": {
      "Package": "BH",
      "Version": "1.90.0-1",
      "Source": "Repository",
      "Repository": "RSPM",
      "Hash": "87905902999e70199a81869ef4ccaf82"
    },
    "R6": {
      "Package": "R6",
      "Version": "2.6.1",
      "Source": "Repository",
      "Repository": "RSPM",
      "Requirements": [
        "R"
      ],
      "Hash": "d4335fe7207f1c01ab8c41762f5840d4"
    },
    "RColorBrewer": {
      "Package": "RColorBrewer",
      "Version": "1.1-3",
      "Source": "Repository",
      "Repository": "RSPM",
      "Requirements": [
        "R"
      ],
      "Hash": "45f0398006e83a5b10b72a90663d8d8c"
    },
    "Rcpp": {
      "Package": "Rcpp",
      "Version": "1.1.1",
      "Source": "Repository",
      "Repository": "RSPM",
      "Requirements": [
        "R",
        "methods",
        "utils"
      ],
      "Hash": "60df6f11cbeffbf9d50ad0852867f6b6"
    },
    "RcppCCTZ": {
      "Package": "RcppCCTZ",
      "Version": "0.2.14",
      "Source": "Repository",
      "Repository": "RSPM",
      "Requirements": [
        "Rcpp"
      ],
      "Hash": "de766c4d7d0cfc0c99319be145834227"
    },
    "RcppDate": {
      "Package": "RcppDate",
      "Version": "0.0.6",
      "Source": "Repository",
      "Repository": "RSPM",
      "Hash": "a13b625fa33488f6d6be4bd2c866944f"
    },
    "anytime": {
      "Package": "anytime",
      "Version": "0.3.12",
      "Source": "Repository",
      "Repository": "RSPM",
      "Requirements": [
        "BH",
        "R",
        "Rcpp"
      ],
      "Hash": "ee899a8e3cb0eb4b01268cc5c3b75671"
    },
    "base64enc": {
      "Package": "base64enc",
      "Version": "0.1-3",
      "Source": "Repository",
      "Repository": "CRAN",
      "Requirements": [
        "R"
      ],
      "Hash": "543776ae6848fde2f48ff3816d0628bc"
    },
    "bit": {
      "Package": "bit",
      "Version": "4.6.0",
      "Source": "Repository",
      "Repository": "RSPM",
      "Requirements": [
        "R"
      ],
      "Hash": "ebe86ffd194564abdc895d87742d5a29"
    },
    "bit64": {
      "Package": "bit64",
      "Version": "4.6.0-1",
      "Source": "Repository",
      "Repository": "RSPM",
      "Requirements": [
        "R",
        "bit",
        "graphics",
        "methods",
        "stats",
        "utils"
      ],
      "Hash": "4f572fbc586294afff277db583b9060f"
    },
    "bslib": {
      "Package": "bslib",
      "Version": "0.10.0",
      "Source": "Repository",
      "Repository": "RSPM",
      "Requirements": [
        "R",
        "base64enc",
        "cachem",
        "fastmap",
        "grDevices",
        "htmltools",
        "jquerylib",
        "jsonlite",
        "lifecycle",
        "memoise",
        "mime",
        "rlang",
        "sass"
      ],
      "Hash": "d6072fb96c4868d8cb40d4071cdc472b"
    },
    "bsplus": {
      "Package": "bsplus",
      "Version": "0.1.5",
      "Source": "Repository",
      "Repository": "RSPM",
      "Requirements": [
        "R",
        "glue",
        "htmltools",
        "jsonlite",
        "lubridate",
        "magrittr",
        "methods",
        "purrr",
        "rmarkdown",
        "stringr"
      ],
      "Hash": "5dd90cdad0b8d612a3af65eaf0a60137"
    },
    "cachem": {
      "Package": "cachem",
      "Version": "1.1.0",
      "Source": "Repository",
      "Repository": "RSPM",
      "Requirements": [
        "fastmap",
        "rlang"
      ],
      "Hash": "cd9a672193789068eb5a2aad65a0dedf"
    },
    "cellranger": {
      "Package": "cellranger",
      "Version": "1.1.0",
      "Source": "Repository",
      "Repository": "RSPM",
      "Requirements": [
        "R",
        "rematch",
        "tibble"
      ],
      "Hash": "f61dbaec772ccd2e17705c1e872e9e7c"
    },
    "cli": {
      "Package": "cli",
      "Version": "3.6.5",
      "Source": "Repository",
      "Repository": "CRAN",
      "Requirements": [
        "R",
        "utils"
      ],
      "Hash": "16850760556401a2eeb27d39bd11c9cb"
    },
    "commonmark": {
      "Package": "commonmark",
      "Version": "2.0.0",
      "Source": "Repository",
      "Repository": "RSPM",
      "Hash": "8cba62334c1088d21689d353a7e87663"
    },
    "cpp11": {
      "Package": "cpp11",
      "Version": "0.5.3",
      "Source": "Repository",
      "Repository": "RSPM",
      "Requirements": [
        "R"
      ],
      "Hash": "af5958631ca49510aff96d0f5c0bbb76"
    },
    "crayon": {
      "Package": "crayon",
      "Version": "1.5.3",
      "Source": "Repository",
      "Repository": "RSPM",
      "Requirements": [
        "grDevices",
        "methods",
        "utils"
      ],
      "Hash": "859d96e65ef198fd43e82b9628d593ef"
    },
    "crul": {
      "Package": "crul",
      "Version": "1.6.0",
      "Source": "Repository",
      "Repository": "RSPM",
      "Requirements": [
        "R6",
        "curl",
        "httpcode",
        "jsonlite",
        "lifecycle",
        "mime",
        "rlang",
        "urltools"
      ],
      "Hash": "3aeb4061f5f9c25b3621a14c8e024a48"
    },
    "curl": {
      "Package": "curl",
      "Version": "7.0.0",
      "Source": "Repository",
      "Repository": "RSPM",
      "Requirements": [
        "R"
      ],
      "Hash": "aa27e963d3deccf4bade44d06b976977"
    },
    "data.table": {
      "Package": "data.table",
      "Version": "1.18.2.1",
      "Source": "Repository",
      "Repository": "RSPM",
      "Requirements": [
        "R",
        "methods"
      ],
      "Hash": "df99cd4333ce592df5173d6ad39b5c14"
    },
    "digest": {
      "Package": "digest",
      "Version": "0.6.39",
      "Source": "Repository",
      "Repository": "RSPM",
      "Requirements": [
        "R",
        "utils"
      ],
      "Hash": "d18028e978a88b2b16ef8d400cb49adf"
    },
    "dplyr": {
      "Package": "dplyr",
      "Version": "1.1.4",
      "Source": "Repository",
      "Repository": "RSPM",
      "Requirements": [
        "R",
        "R6",
        "cli",
        "generics",
        "glue",
        "lifecycle",
        "magrittr",
        "methods",
        "pillar",
        "rlang",
        "tibble",
        "tidyselect",
        "utils",
        "vctrs"
      ],
      "Hash": "fedd9d00c2944ff00a0e2696ccf048ec"
    },
    "evaluate": {
      "Package": "evaluate",
      "Version": "1.0.5",
      "Source": "Repository",
      "Repository": "RSPM",
      "Requirements": [
        "R"
      ],
      "Hash": "94cf2c54237f6841cee68e3ba4ab5a14"
    },
    "farver": {
      "Package": "farver",
      "Version": "2.1.2",
      "Source": "Repository",
      "Repository": "RSPM",
      "Hash": "680887028577f3fa2a81e410ed0d6e42"
    },
    "fastmap": {
      "Package": "fastmap",
      "Version": "1.2.0",
      "Source": "Repository",
      "Repository": "RSPM",
      "Hash": "aa5e1cd11c2d15497494c5292d7ffcc8"
    },
    "fontawesome": {
      "Package": "fontawesome",
      "Version": "0.5.3",
      "Source": "Repository",
      "Repository": "RSPM",
      "Requirements": [
        "R",
        "htmltools",
        "rlang"
      ],
      "Hash": "bd1297f9b5b1fc1372d19e2c4cd82215"
    },
    "fs": {
      "Package": "fs",
      "Version": "1.6.6",
      "Source": "Repository",
      "Repository": "CRAN",
      "Requirements": [
        "R",
        "methods"
      ],
      "Hash": "7eb1e342eee7e0a7449c49cdaa526d39"
    },
    "generics": {
      "Package": "generics",
      "Version": "0.1.4",
      "Source": "Repository",
      "Repository": "CRAN",
      "Requirements": [
        "R",
        "methods"
      ],
      "Hash": "4b29bf698d0c7bdb9f1e4976e7ade41d"
    },
    "gfonts": {
      "Package": "gfonts",
      "Version": "0.2.0",
      "Source": "Repository",
      "Repository": "CRAN",
      "Requirements": [
        "R",
        "crayon",
        "crul",
        "glue",
        "htmltools",
        "jsonlite",
        "shiny",
        "utils"
      ],
      "Hash": "a535d76cf92645364997a8751396d63b"
    },
    "glue": {
      "Package": "glue",
      "Version": "1.8.0",
      "Source": "Repository",
      "Repository": "RSPM",
      "Requirements": [
        "R",
        "methods"
      ],
      "Hash": "5899f1eaa825580172bb56c08266f37c"
    },
    "highr": {
      "Package": "highr",
      "Version": "0.11",
      "Source": "Repository",
      "Repository": "RSPM",
      "Requirements": [
        "R",
        "xfun"
      ],
      "Hash": "d65ba49117ca223614f71b60d85b8ab7"
    },
    "hms": {
      "Package": "hms",
      "Version": "1.1.4",
      "Source": "Repository",
      "Repository": "RSPM",
      "Requirements": [
        "cli",
        "lifecycle",
        "methods",
        "pkgconfig",
        "rlang",
        "vctrs"
      ],
      "Hash": "2799ac720626cec589478b191e48b88b"
    },
    "htmltools": {
      "Package": "htmltools",
      "Version": "0.5.9",
      "Source": "Repository",
      "Repository": "RSPM",
      "Requirements": [
        "R",
        "base64enc",
        "digest",
        "fastmap",
        "grDevices",
        "rlang",
        "utils"
      ],
      "Hash": "102298e238c14eb830cc4b5edd23c3e8"
    },
    "httpcode": {
      "Package": "httpcode",
      "Version": "0.3.0",
      "Source": "Repository",
      "Repository": "CRAN",
      "Hash": "13641a1c6d2cc98801b76764078e17ea"
    },
    "httpuv": {
      "Package": "httpuv",
      "Version": "1.6.16",
      "Source": "Repository",
      "Repository": "RSPM",
      "Requirements": [
        "R",
        "R6",
        "Rcpp",
        "later",
        "promises",
        "utils"
      ],
      "Hash": "6c3c8728e40326de6529a5c46e377e5c"
    },
    "jquerylib": {
      "Package": "jquerylib",
      "Version": "0.1.4",
      "Source": "Repository",
      "Repository": "CRAN",
      "Requirements": [
        "htmltools"
      ],
      "Hash": "5aab57a3bd297eee1c1d862735972182"
    },
    "jsonlite": {
      "Package": "jsonlite",
      "Version": "2.0.0",
      "Source": "Repository",
      "Repository": "CRAN",
      "Requirements": [
        "methods"
      ],
      "Hash": "b0776f526d36d8bd4a3344a88fe165c4"
    },
    "knitr": {
      "Package": "knitr",
      "Version": "1.51",
      "Source": "Repository",
      "Repository": "RSPM",
      "Requirements": [
        "R",
        "evaluate",
        "highr",
        "methods",
        "tools",
        "xfun",
        "yaml"
      ],
      "Hash": "27682babb50f03b6eb7939ea69ec79ca"
    },
    "labeling": {
      "Package": "labeling",
      "Version": "0.4.3",
      "Source": "Repository",
      "Repository": "RSPM",
      "Requirements": [
        "graphics",
        "stats"
      ],
      "Hash": "b64ec208ac5bc1852b285f665d6368b3"
    },
    "later": {
      "Package": "later",
      "Version": "1.4.5",
      "Source": "Repository",
      "Repository": "RSPM",
      "Requirements": [
        "R",
        "Rcpp",
        "rlang"
      ],
      "Hash": "dd1774a6d7bc63ea311920b278c22150"
    },
    "lattice": {
      "Package": "lattice",
      "Version": "0.22-6",
      "Source": "Repository",
      "Repository": "CRAN",
      "Requirements": [
        "R",
        "grDevices",
        "graphics",
        "grid",
        "stats",
        "utils"
      ],
      "Hash": "cc5ac1ba4c238c7ca9fa6a87ca11a7e2"
    },
    "lifecycle": {
      "Package": "lifecycle",
      "Version": "1.0.5",
      "Source": "Repository",
      "Repository": "RSPM",
      "Requirements": [
        "R",
        "cli",
        "rlang"
      ],
      "Hash": "36dbfe4fba6c064db50a671a90297c85"
    },
    "lubridate": {
      "Package": "lubridate",
      "Version": "1.9.4",
      "Source": "Repository",
      "Repository": "RSPM",
      "Requirements": [
        "R",
        "generics",
        "methods",
        "timechange"
      ],
      "Hash": "be38bc740fc51783a78edb5a157e4104"
    },
    "magrittr": {
      "Package": "magrittr",
      "Version": "2.0.4",
      "Source": "Repository",
      "Repository": "RSPM",
      "Requirements": [
        "R"
      ],
      "Hash": "8b3b213aa0c54a0dec254288ccb545d1"
    },
    "memoise": {
      "Package": "memoise",
      "Version": "2.0.1",
      "Source": "Repository",
      "Repository": "CRAN",
      "Requirements": [
        "cachem",
        "rlang"
      ],
      "Hash": "e2817ccf4a065c5d9d7f2cfbe7c1d78c"
    },
    "mime": {
      "Package": "mime",
      "Version": "0.13",
      "Source": "Repository",
      "Repository": "RSPM",
      "Requirements": [
        "tools"
      ],
      "Hash": "0ec19f34c72fab674d8f2b4b1c6410e1"
    },
    "nanotime": {
      "Package": "nanotime",
      "Version": "0.3.12",
      "Source": "Repository",
      "Repository": "RSPM",
      "Requirements": [
        "Rcpp",
        "RcppCCTZ",
        "RcppDate",
        "bit64",
        "methods",
        "zoo"
      ],
      "Hash": "8bbe16f4d58c82e5e007c73fd1a7fcd3"
    },
    "otel": {
      "Package": "otel",
      "Version": "0.2.0",
      "Source": "Repository",
      "Repository": "RSPM",
      "Requirements": [
        "R"
      ],
      "Hash": "627d6993db1043703c0b084fa432f21f"
    },
    "pillar": {
      "Package": "pillar",
      "Version": "1.11.1",
      "Source": "Repository",
      "Repository": "RSPM",
      "Requirements": [
        "cli",
        "glue",
        "lifecycle",
        "rlang",
        "utf8",
        "utils",
        "vctrs"
      ],
      "Hash": "1395e64f2689ffd503657778e810cee2"
    },
    "pkgconfig": {
      "Package": "pkgconfig",
      "Version": "2.0.3",
      "Source": "Repository",
      "Repository": "RSPM",
      "Requirements": [
        "utils"
      ],
      "Hash": "01f28d4278f15c76cddbea05899c5d6f"
    },
    "prettyunits": {
      "Package": "prettyunits",
      "Version": "1.2.0",
      "Source": "Repository",
      "Repository": "RSPM",
      "Requirements": [
        "R"
      ],
      "Hash": "6b01fc98b1e86c4f705ce9dcfd2f57c7"
    },
    "progress": {
      "Package": "progress",
      "Version": "1.2.3",
      "Source": "Repository",
      "Repository": "RSPM",
      "Requirements": [
        "R",
        "R6",
        "crayon",
        "hms",
        "prettyunits"
      ],
      "Hash": "f4625e061cb2865f111b47ff163a5ca6"
    },
    "promises": {
      "Package": "promises",
      "Version": "1.5.0",
      "Source": "Repository",
      "Repository": "RSPM",
      "Requirements": [
        "R",
        "R6",
        "fastmap",
        "later",
        "lifecycle",
        "magrittr",
        "otel",
        "rlang"
      ],
      "Hash": "62cb899ed5fff70d4e918ec1b762bf7c"
    },
    "purrr": {
      "Package": "purrr",
      "Version": "1.2.1",
      "Source": "Repository",
      "Repository": "RSPM",
      "Requirements": [
        "R",
        "cli",
        "lifecycle",
        "magrittr",
        "rlang",
        "vctrs"
      ],
      "Hash": "0154ac5b9ef4df1a7be3a54602e781cf"
    },
    "rappdirs": {
      "Package": "rappdirs",
      "Version": "0.3.4",
      "Source": "Repository",
      "Repository": "RSPM",
      "Requirements": [
        "R"
      ],
      "Hash": "f146a5bfc94db048309712535d4d0aee"
    },
    "readxl": {
      "Package": "readxl",
      "Version": "1.4.5",
      "Source": "Repository",
      "Repository": "RSPM",
      "Requirements": [
        "R",
        "cellranger",
        "cpp11",
        "progress",
        "tibble",
        "utils"
      ],
      "Hash": "18948de59f05d38a44d3e5065a76b4b6"
    },
    "rematch": {
      "Package": "rematch",
      "Version": "2.0.0",
      "Source": "Repository",
      "Repository": "RSPM",
      "Hash": "cbff1b666c6fa6d21202f07e2318d4f1"
    },
    "renv": {
      "Package": "renv",
      "Version": "1.0.3",
      "Source": "Repository",
      "Repository": "CRAN",
      "Requirements": [
        "utils"
      ],
      "Hash": "41b847654f567341725473431dd0d5ab"
    },
    "rlang": {
      "Package": "rlang",
      "Version": "1.1.7",
      "Source": "Repository",
      "Repository": "RSPM",
      "Requirements": [
        "R",
        "utils"
      ],
      "Hash": "34c0d101f4613098abc538b82e0d86c5"
    },
    "rmarkdown": {
      "Package": "rmarkdown",
      "Version": "2.30",
      "Source": "Repository",
      "Repository": "RSPM",
      "Requirements": [
        "R",
        "bslib",
        "evaluate",
        "fontawesome",
        "htmltools",
        "jquerylib",
        "jsonlite",
        "knitr",
        "methods",
        "tinytex",
        "tools",
        "utils",
        "xfun",
        "yaml"
      ],
      "Hash": "efe19db0fde0fff13cea7eec6f695021"
    },
    "sass": {
      "Package": "sass",
      "Version": "0.4.10",
      "Source": "Repository",
      "Repository": "CRAN",
      "Requirements": [
        "R6",
        "fs",
        "htmltools",
        "rappdirs",
        "rlang"
      ],
      "Hash": "3fb78d066fb92299b1d13f6a7c9a90a8"
    },
    "scales": {
      "Package": "scales",
      "Version": "1.4.0",
      "Source": "Repository",
      "Repository": "CRAN",
      "Requirements": [
        "R",
        "R6",
        "RColorBrewer",
        "cli",
        "farver",
        "glue",
        "labeling",
        "lifecycle",
        "rlang",
        "viridisLite"
      ],
      "Hash": "c5bba8f0d1df8c4b9538a40570798d9b"
    },
    "shiny": {
      "Package": "shiny",
      "Version": "1.12.1",
      "Source": "Repository",
      "Repository": "RSPM",
      "Requirements": [
        "R",
        "R6",
        "bslib",
        "cachem",
        "cli",
        "commonmark",
        "fastmap",
        "fontawesome",
        "glue",
        "grDevices",
        "htmltools",
        "httpuv",
        "jsonlite",
        "later",
        "lifecycle",
        "methods",
        "mime",
        "otel",
        "promises",
        "rlang",
        "sourcetools",
        "tools",
        "utils",
        "withr",
        "xtable"
      ],
      "Hash": "4eee104c56972c9ef07741219099b0dd"
    },
    "shinyBS": {
      "Package": "shinyBS",
      "Version": "0.63.0",
      "Source": "Repository",
      "Repository": "RSPM",
      "Requirements": [
        "htmltools",
        "jsonlite",
        "shiny",
        "stats"
      ],
      "Hash": "74615cb7386ac4d31968f986dcd19d6c"
    },
    "shinyWidgets": {
      "Package": "shinyWidgets",
      "Version": "0.9.0",
      "Source": "Repository",
      "Repository": "RSPM",
      "Requirements": [
        "R",
        "bslib",
        "grDevices",
        "htmltools",
        "jsonlite",
        "rlang",
        "sass",
        "shiny"
      ],
      "Hash": "2356d33ce915ad415b1fe9a476c99a7d"
    },
    "shinydashboard": {
      "Package": "shinydashboard",
      "Version": "0.7.3",
      "Source": "Repository",
      "Repository": "RSPM",
      "Requirements": [
        "R",
        "htmltools",
        "promises",
        "shiny",
        "utils"
      ],
      "Hash": "b39bc6c8dd72423ccf9e30ec7eb6a0f2"
    },
    "shinyjs": {
      "Package": "shinyjs",
      "Version": "2.1.1",
      "Source": "Repository",
      "Repository": "RSPM",
      "Requirements": [
        "R",
        "digest",
        "jsonlite",
        "shiny"
      ],
      "Hash": "96b8d41d0dfeef0117b4b7bc43fefabe"
    },
    "shinylogs": {
      "Package": "shinylogs",
      "Version": "0.2.1",
      "Source": "Repository",
      "Repository": "RSPM",
      "Requirements": [
        "anytime",
        "bit64",
        "data.table",
        "digest",
        "htmltools",
        "jsonlite",
        "nanotime",
        "shiny"
      ],
      "Hash": "a2425d913d852b5401628405d3767965"
    },
    "shinyvalidate": {
      "Package": "shinyvalidate",
      "Version": "0.1.3",
      "Source": "Repository",
      "Repository": "CRAN",
      "Requirements": [
        "glue",
        "htmltools",
        "rlang",
        "shiny"
      ],
      "Hash": "fe6e75a1c1722b2d23cb4d4dbe1006df"
    },
    "sourcetools": {
      "Package": "sourcetools",
      "Version": "0.1.7-1",
      "Source": "Repository",
      "Repository": "CRAN",
      "Requirements": [
        "R"
      ],
      "Hash": "5f5a7629f956619d519205ec475fe647"
    },
    "stringi": {
      "Package": "stringi",
      "Version": "1.8.7",
      "Source": "Repository",
      "Repository": "RSPM",
      "Requirements": [
        "R",
        "stats",
        "tools",
        "utils"
      ],
      "Hash": "2b56088e23bdd58f89aebf43a0913457"
    },
    "stringr": {
      "Package": "stringr",
      "Version": "1.6.0",
      "Source": "Repository",
      "Repository": "RSPM",
      "Requirements": [
        "R",
        "cli",
        "glue",
        "lifecycle",
        "magrittr",
        "rlang",
        "stringi",
        "vctrs"
      ],
      "Hash": "d47392652eedc68bf916657347ff2526"
    },
    "tibble": {
      "Package": "tibble",
      "Version": "3.3.1",
      "Source": "Repository",
      "Repository": "RSPM",
      "Requirements": [
        "R",
        "cli",
        "lifecycle",
        "magrittr",
        "methods",
        "pillar",
        "pkgconfig",
        "rlang",
        "utils",
        "vctrs"
      ],
      "Hash": "c55df870972551cac674b50cadb2d51f"
    },
    "tidyr": {
      "Package": "tidyr",
      "Version": "1.3.2",
      "Source": "Repository",
      "Repository": "RSPM",
      "Requirements": [
        "R",
        "cli",
        "cpp11",
        "dplyr",
        "glue",
        "lifecycle",
        "magrittr",
        "purrr",
        "rlang",
        "stringr",
        "tibble",
        "tidyselect",
        "utils",
        "vctrs"
      ],
      "Hash": "a4fa2f5876396f04814cb9d8d9ab89e9"
    },
    "tidyselect": {
      "Package": "tidyselect",
      "Version": "1.2.1",
      "Source": "Repository",
      "Repository": "CRAN",
      "Requirements": [
        "R",
        "cli",
        "glue",
        "lifecycle",
        "rlang",
        "vctrs",
        "withr"
      ],
      "Hash": "829f27b9c4919c16b593794a6344d6c0"
    },
    "timechange": {
      "Package": "timechange",
      "Version": "0.4.0",
      "Source": "Repository",
      "Repository": "RSPM",
      "Requirements": [
        "R",
        "cpp11"
      ],
      "Hash": "39c40cb1ad47a4cc384a34a22a29463f"
    },
    "tinytex": {
      "Package": "tinytex",
      "Version": "0.58",
      "Source": "Repository",
      "Repository": "RSPM",
      "Requirements": [
        "xfun"
      ],
      "Hash": "03af3ad04817f3019de8ee5c73dab807"
    },
    "triebeard": {
      "Package": "triebeard",
      "Version": "0.4.1",
      "Source": "Repository",
      "Repository": "CRAN",
      "Requirements": [
        "Rcpp"
      ],
      "Hash": "642507a148b0dd9b5620177e0a044413"
    },
    "urltools": {
      "Package": "urltools",
      "Version": "1.7.3.1",
      "Source": "Repository",
      "Repository": "RSPM",
      "Requirements": [
        "R",
        "Rcpp",
        "methods",
        "triebeard"
      ],
      "Hash": "0951eeef49e3df040dfc67ce75a052ac"
    },
    "utf8": {
      "Package": "utf8",
      "Version": "1.2.6",
      "Source": "Repository",
      "Repository": "RSPM",
      "Requirements": [
        "R"
      ],
      "Hash": "d526d558be176e9ceb68c3d1e83479b7"
    },
    "vctrs": {
      "Package": "vctrs",
      "Version": "0.7.1",
      "Source": "Repository",
      "Repository": "RSPM",
      "Requirements": [
        "R",
        "cli",
        "glue",
        "lifecycle",
        "rlang"
      ],
      "Hash": "c64e64d93489bb62bb8747bbb9e06c09"
    },
    "viridisLite": {
      "Package": "viridisLite",
      "Version": "0.4.2",
      "Source": "Repository",
      "Repository": "RSPM",
      "Requirements": [
        "R"
      ],
      "Hash": "c826c7c4241b6fc89ff55aaea3fa7491"
    },
    "withr": {
      "Package": "withr",
      "Version": "3.0.2",
      "Source": "Repository",
      "Repository": "RSPM",
      "Requirements": [
        "R",
        "grDevices",
        "graphics"
      ],
      "Hash": "cc2d62c76458d425210d1eb1478b30b4"
    },
    "xfun": {
      "Package": "xfun",
      "Version": "0.56",
      "Source": "Repository",
      "Repository": "RSPM",
      "Requirements": [
        "R",
        "grDevices",
        "stats",
        "tools"
      ],
      "Hash": "f1f18d352a39c6252932da4faa029cdd"
    },
    "xtable": {
      "Package": "xtable",
      "Version": "1.8-4",
      "Source": "Repository",
      "Repository": "CRAN",
      "Requirements": [
        "R",
        "stats",
        "utils"
      ],
      "Hash": "b8acdf8af494d9ec19ccb2481a9b11c2"
    },
    "yaml": {
      "Package": "yaml",
      "Version": "2.3.12",
      "Source": "Repository",
      "Repository": "RSPM",
      "Hash": "7cd77cb32abd9220d744307e9fc94ffb"
    },
    "zoo": {
      "Package": "zoo",
      "Version": "1.8-15",
      "Source": "Repository",
      "Repository": "RSPM",
      "Requirements": [
        "R",
        "grDevices",
        "graphics",
        "lattice",
        "stats",
        "utils"
      ],
      "Hash": "3f85ec88dadbaa3301917cea59727329"
    }
  }
}
